
Microsoft Visual Studio Solution File, Format Version 12.00
# Visual Studio Version 16
VisualStudioVersion = 16.0.29905.134
MinimumVisualStudioVersion = 10.0.40219.1
Project("{9A19103F-16F7-4668-BE54-9A1E7A4F7556}") = "Cyclamen", "src\Cyclamen\Cyclamen.csproj", "{1759534C-8028-4548-94B6-90E0C013D0FA}"
EndProject
Project("{FAE04EC0-301F-11D3-BF4B-00C04F79EFBC}") = "Cyclamen.Tests", "src\Cyclamen.Tests\Cyclamen.Tests.csproj", "{4687981A-234C-4502-AFBD-D955CE7F76E3}"
EndProject
Global
	GlobalSection(SolutionConfigurationPlatforms) = preSolution
		Debug|Any CPU = Debug|Any CPU
		Release|Any CPU = Release|Any CPU
	EndGlobalSection
	GlobalSection(ProjectConfigurationPlatforms) = postSolution
		{1759534C-8028-4548-94B6-90E0C013D0FA}.Debug|Any CPU.ActiveCfg = Debug|Any CPU
		{1759534C-8028-4548-94B6-90E0C013D0FA}.Debug|Any CPU.Build.0 = Debug|Any CPU
		{1759534C-8028-4548-94B6-90E0C013D0FA}.Release|Any CPU.ActiveCfg = Release|Any CPU
		{1759534C-8028-4548-94B6-90E0C013D0FA}.Release|Any CPU.Build.0 = Release|Any CPU
		{4687981A-234C-4502-AFBD-D955CE7F76E3}.Debug|Any CPU.ActiveCfg = Debug|Any CPU
		{4687981A-234C-4502-AFBD-D955CE7F76E3}.Debug|Any CPU.Build.0 = Debug|Any CPU
		{4687981A-234C-4502-AFBD-D955CE7F76E3}.Release|Any CPU.ActiveCfg = Release|Any CPU
		{4687981A-234C-4502-AFBD-D955CE7F76E3}.Release|Any CPU.Build.0 = Release|Any CPU
	EndGlobalSection
	GlobalSection(SolutionProperties) = preSolution
		HideSolutionNode = FALSE
	EndGlobalSection
	GlobalSection(ExtensibilityGlobals) = postSolution
		SolutionGuid = {C6AE69EB-6E6C-43FE-A0F2-BE0FEB339910}
	EndGlobalSection
EndGlobal
