
Microsoft Visual Studio Solution File, Format Version 12.00
# Visual Studio Version 16
VisualStudioVersion = 16.0.29905.134
MinimumVisualStudioVersion = 10.0.40219.1
Project("{FAE04EC0-301F-11D3-BF4B-00C04F79EFBC}") = "Cyclamen.Mobile.Android", "Cyclamen.Mobile\Cyclamen.Mobile.Android\Cyclamen.Mobile.Android.csproj", "{5674C1F5-9342-43A6-8E20-B6D2EA6A0C15}"
EndProject
Project("{FAE04EC0-301F-11D3-BF4B-00C04F79EFBC}") = "Cyclamen.Mobile", "Cyclamen.Mobile\Cyclamen.Mobile\Cyclamen.Mobile.csproj", "{B94722C9-1A76-4115-AB6B-2DAF677A7710}"
EndProject
Global
	GlobalSection(SolutionConfigurationPlatforms) = preSolution
		Debug|Any CPU = Debug|Any CPU
		Release|Any CPU = Release|Any CPU
	EndGlobalSection
	GlobalSection(ProjectConfigurationPlatforms) = postSolution
		{5674C1F5-9342-43A6-8E20-B6D2EA6A0C15}.Debug|Any CPU.ActiveCfg = Debug|Any CPU
		{5674C1F5-9342-43A6-8E20-B6D2EA6A0C15}.Debug|Any CPU.Build.0 = Debug|Any CPU
		{5674C1F5-9342-43A6-8E20-B6D2EA6A0C15}.Debug|Any CPU.Deploy.0 = Debug|Any CPU
		{5674C1F5-9342-43A6-8E20-B6D2EA6A0C15}.Release|Any CPU.ActiveCfg = Release|Any CPU
		{5674C1F5-9342-43A6-8E20-B6D2EA6A0C15}.Release|Any CPU.Build.0 = Release|Any CPU
		{5674C1F5-9342-43A6-8E20-B6D2EA6A0C15}.Release|Any CPU.Deploy.0 = Release|Any CPU
		{B94722C9-1A76-4115-AB6B-2DAF677A7710}.Debug|Any CPU.ActiveCfg = Debug|Any CPU
		{B94722C9-1A76-4115-AB6B-2DAF677A7710}.Debug|Any CPU.Build.0 = Debug|Any CPU
		{B94722C9-1A76-4115-AB6B-2DAF677A7710}.Debug|Any CPU.Deploy.0 = Debug|Any CPU
		{B94722C9-1A76-4115-AB6B-2DAF677A7710}.Release|Any CPU.ActiveCfg = Release|Any CPU
		{B94722C9-1A76-4115-AB6B-2DAF677A7710}.Release|Any CPU.Build.0 = Release|Any CPU
		{B94722C9-1A76-4115-AB6B-2DAF677A7710}.Release|Any CPU.Deploy.0 = Release|Any CPU
	EndGlobalSection
	GlobalSection(SolutionProperties) = preSolution
		HideSolutionNode = FALSE
	EndGlobalSection
	GlobalSection(ExtensibilityGlobals) = postSolution
		SolutionGuid = {BC048218-DE4F-476C-BD4E-4E65C7416E5E}
	EndGlobalSection
EndGlobal
